
Microsoft Visual Studio Solution File, Format Version 12.00
# Visual Studio Version 17
VisualStudioVersion = 17.0.31314.256
MinimumVisualStudioVersion = 10.0.40219.1
Project("{2150E333-8FDC-42A3-9474-1A3956D46DE8}") = "Engine", "Engine", "{94A6C6F3-99B3-346E-9557-ABF9D4064DBD}"
EndProject
Project("{2150E333-8FDC-42A3-9474-1A3956D46DE8}") = "Games", "Games", "{8E2F6A87-1826-34F4-940C-CC23A48F9FE4}"
EndProject
<<<<<<< Updated upstream
Project("{8BC9CEB8-8B4A-11D0-8D11-00A0C91BC942}") = "MultiPlayerFPS", "Intermediate\ProjectFiles\MultiPlayerFPS.vcxproj", "{FA0DEC0E-6AE0-4A11-BE07-158250EA97F3}"
EndProject
Project("{8BC9CEB8-8B4A-11D0-8D11-00A0C91BC942}") = "UE4", "Intermediate\ProjectFiles\UE4.vcxproj", "{4E15C6C4-3FF0-4C8B-8DEB-784568405736}"
=======
Project("{8BC9CEB8-8B4A-11D0-8D11-00A0C91BC942}") = "UE4", "Intermediate\ProjectFiles\UE4.vcxproj", "{281C75A1-3BB6-40BB-9109-3A4D4BA79CAB}"
EndProject
Project("{8BC9CEB8-8B4A-11D0-8D11-00A0C91BC942}") = "MultiPlayerFPS", "Intermediate\ProjectFiles\MultiPlayerFPS.vcxproj", "{F8B8A722-4BAB-4EAA-8CB3-E324E4F54DFE}"
>>>>>>> Stashed changes
EndProject
Project("{2150E333-8FDC-42A3-9474-1A3956D46DE8}") = "Visualizers", "Visualizers", "{1CCEC849-CC72-4C59-8C36-2F7C38706D4C}"
	ProjectSection(SolutionItems) = preProject
		H:\Unreal Engine\UE_4.27\Engine\Extras\VisualStudioDebugging\UE4.natvis = H:\Unreal Engine\UE_4.27\Engine\Extras\VisualStudioDebugging\UE4.natvis
	EndProjectSection
EndProject
Global
	GlobalSection(SolutionConfigurationPlatforms) = preSolution
		DebugGame Editor|Android = DebugGame Editor|Android
		DebugGame Editor|Win32 = DebugGame Editor|Win32
		DebugGame Editor|Win64 = DebugGame Editor|Win64
		DebugGame|Android = DebugGame|Android
		DebugGame|Win32 = DebugGame|Win32
		DebugGame|Win64 = DebugGame|Win64
		Development Editor|Android = Development Editor|Android
		Development Editor|Win32 = Development Editor|Win32
		Development Editor|Win64 = Development Editor|Win64
		Development|Android = Development|Android
		Development|Win32 = Development|Win32
		Development|Win64 = Development|Win64
		Shipping|Android = Shipping|Android
		Shipping|Win32 = Shipping|Win32
		Shipping|Win64 = Shipping|Win64
	EndGlobalSection
	# Visual Assist Section
	GlobalSection(44630d46-96b5-488c-8df926e21db8c1a3) = preSolution
		ueSolution=true
	EndGlobalSection
	GlobalSection(ProjectConfigurationPlatforms) = postSolution
<<<<<<< Updated upstream
		{FA0DEC0E-6AE0-4A11-BE07-158250EA97F3}.DebugGame Editor|Android.ActiveCfg = Invalid|Win32
		{FA0DEC0E-6AE0-4A11-BE07-158250EA97F3}.DebugGame Editor|Win32.ActiveCfg = Invalid|Win32
		{FA0DEC0E-6AE0-4A11-BE07-158250EA97F3}.DebugGame Editor|Win64.ActiveCfg = DebugGame_Editor|x64
		{FA0DEC0E-6AE0-4A11-BE07-158250EA97F3}.DebugGame Editor|Win64.Build.0 = DebugGame_Editor|x64
		{FA0DEC0E-6AE0-4A11-BE07-158250EA97F3}.DebugGame|Android.ActiveCfg = Android_DebugGame|Win32
		{FA0DEC0E-6AE0-4A11-BE07-158250EA97F3}.DebugGame|Android.Build.0 = Android_DebugGame|Win32
		{FA0DEC0E-6AE0-4A11-BE07-158250EA97F3}.DebugGame|Win32.ActiveCfg = DebugGame|Win32
		{FA0DEC0E-6AE0-4A11-BE07-158250EA97F3}.DebugGame|Win32.Build.0 = DebugGame|Win32
		{FA0DEC0E-6AE0-4A11-BE07-158250EA97F3}.DebugGame|Win64.ActiveCfg = DebugGame|x64
		{FA0DEC0E-6AE0-4A11-BE07-158250EA97F3}.DebugGame|Win64.Build.0 = DebugGame|x64
		{FA0DEC0E-6AE0-4A11-BE07-158250EA97F3}.Development Editor|Android.ActiveCfg = Invalid|Win32
		{FA0DEC0E-6AE0-4A11-BE07-158250EA97F3}.Development Editor|Win32.ActiveCfg = Invalid|Win32
		{FA0DEC0E-6AE0-4A11-BE07-158250EA97F3}.Development Editor|Win64.ActiveCfg = Development_Editor|x64
		{FA0DEC0E-6AE0-4A11-BE07-158250EA97F3}.Development Editor|Win64.Build.0 = Development_Editor|x64
		{FA0DEC0E-6AE0-4A11-BE07-158250EA97F3}.Development|Android.ActiveCfg = Android_Development|Win32
		{FA0DEC0E-6AE0-4A11-BE07-158250EA97F3}.Development|Android.Build.0 = Android_Development|Win32
		{FA0DEC0E-6AE0-4A11-BE07-158250EA97F3}.Development|Win32.ActiveCfg = Development|Win32
		{FA0DEC0E-6AE0-4A11-BE07-158250EA97F3}.Development|Win32.Build.0 = Development|Win32
		{FA0DEC0E-6AE0-4A11-BE07-158250EA97F3}.Development|Win64.ActiveCfg = Development|x64
		{FA0DEC0E-6AE0-4A11-BE07-158250EA97F3}.Development|Win64.Build.0 = Development|x64
		{FA0DEC0E-6AE0-4A11-BE07-158250EA97F3}.Shipping|Android.ActiveCfg = Android_Shipping|Win32
		{FA0DEC0E-6AE0-4A11-BE07-158250EA97F3}.Shipping|Android.Build.0 = Android_Shipping|Win32
		{FA0DEC0E-6AE0-4A11-BE07-158250EA97F3}.Shipping|Win32.ActiveCfg = Shipping|Win32
		{FA0DEC0E-6AE0-4A11-BE07-158250EA97F3}.Shipping|Win32.Build.0 = Shipping|Win32
		{FA0DEC0E-6AE0-4A11-BE07-158250EA97F3}.Shipping|Win64.ActiveCfg = Shipping|x64
		{FA0DEC0E-6AE0-4A11-BE07-158250EA97F3}.Shipping|Win64.Build.0 = Shipping|x64
		{4E15C6C4-3FF0-4C8B-8DEB-784568405736}.DebugGame Editor|Android.ActiveCfg = BuiltWithUnrealBuildTool|Win32
		{4E15C6C4-3FF0-4C8B-8DEB-784568405736}.DebugGame Editor|Win32.ActiveCfg = BuiltWithUnrealBuildTool|Win32
		{4E15C6C4-3FF0-4C8B-8DEB-784568405736}.DebugGame Editor|Win64.ActiveCfg = BuiltWithUnrealBuildTool|Win32
		{4E15C6C4-3FF0-4C8B-8DEB-784568405736}.DebugGame|Android.ActiveCfg = BuiltWithUnrealBuildTool|Win32
		{4E15C6C4-3FF0-4C8B-8DEB-784568405736}.DebugGame|Win32.ActiveCfg = BuiltWithUnrealBuildTool|Win32
		{4E15C6C4-3FF0-4C8B-8DEB-784568405736}.DebugGame|Win64.ActiveCfg = BuiltWithUnrealBuildTool|Win32
		{4E15C6C4-3FF0-4C8B-8DEB-784568405736}.Development Editor|Android.ActiveCfg = BuiltWithUnrealBuildTool|Win32
		{4E15C6C4-3FF0-4C8B-8DEB-784568405736}.Development Editor|Win32.ActiveCfg = BuiltWithUnrealBuildTool|Win32
		{4E15C6C4-3FF0-4C8B-8DEB-784568405736}.Development Editor|Win64.ActiveCfg = BuiltWithUnrealBuildTool|Win32
		{4E15C6C4-3FF0-4C8B-8DEB-784568405736}.Development|Android.ActiveCfg = BuiltWithUnrealBuildTool|Win32
		{4E15C6C4-3FF0-4C8B-8DEB-784568405736}.Development|Win32.ActiveCfg = BuiltWithUnrealBuildTool|Win32
		{4E15C6C4-3FF0-4C8B-8DEB-784568405736}.Development|Win64.ActiveCfg = BuiltWithUnrealBuildTool|Win32
		{4E15C6C4-3FF0-4C8B-8DEB-784568405736}.Shipping|Android.ActiveCfg = BuiltWithUnrealBuildTool|Win32
		{4E15C6C4-3FF0-4C8B-8DEB-784568405736}.Shipping|Win32.ActiveCfg = BuiltWithUnrealBuildTool|Win32
		{4E15C6C4-3FF0-4C8B-8DEB-784568405736}.Shipping|Win64.ActiveCfg = BuiltWithUnrealBuildTool|Win32
=======
		{281C75A1-3BB6-40BB-9109-3A4D4BA79CAB}.DebugGame Editor|Android.ActiveCfg = BuiltWithUnrealBuildTool|Win32
		{281C75A1-3BB6-40BB-9109-3A4D4BA79CAB}.DebugGame Editor|Win32.ActiveCfg = BuiltWithUnrealBuildTool|Win32
		{281C75A1-3BB6-40BB-9109-3A4D4BA79CAB}.DebugGame Editor|Win64.ActiveCfg = BuiltWithUnrealBuildTool|Win32
		{281C75A1-3BB6-40BB-9109-3A4D4BA79CAB}.DebugGame|Android.ActiveCfg = BuiltWithUnrealBuildTool|Win32
		{281C75A1-3BB6-40BB-9109-3A4D4BA79CAB}.DebugGame|Win32.ActiveCfg = BuiltWithUnrealBuildTool|Win32
		{281C75A1-3BB6-40BB-9109-3A4D4BA79CAB}.DebugGame|Win64.ActiveCfg = BuiltWithUnrealBuildTool|Win32
		{281C75A1-3BB6-40BB-9109-3A4D4BA79CAB}.Development Editor|Android.ActiveCfg = BuiltWithUnrealBuildTool|Win32
		{281C75A1-3BB6-40BB-9109-3A4D4BA79CAB}.Development Editor|Win32.ActiveCfg = BuiltWithUnrealBuildTool|Win32
		{281C75A1-3BB6-40BB-9109-3A4D4BA79CAB}.Development Editor|Win64.ActiveCfg = BuiltWithUnrealBuildTool|Win32
		{281C75A1-3BB6-40BB-9109-3A4D4BA79CAB}.Development|Android.ActiveCfg = BuiltWithUnrealBuildTool|Win32
		{281C75A1-3BB6-40BB-9109-3A4D4BA79CAB}.Development|Win32.ActiveCfg = BuiltWithUnrealBuildTool|Win32
		{281C75A1-3BB6-40BB-9109-3A4D4BA79CAB}.Development|Win64.ActiveCfg = BuiltWithUnrealBuildTool|Win32
		{281C75A1-3BB6-40BB-9109-3A4D4BA79CAB}.Shipping|Android.ActiveCfg = BuiltWithUnrealBuildTool|Win32
		{281C75A1-3BB6-40BB-9109-3A4D4BA79CAB}.Shipping|Win32.ActiveCfg = BuiltWithUnrealBuildTool|Win32
		{281C75A1-3BB6-40BB-9109-3A4D4BA79CAB}.Shipping|Win64.ActiveCfg = BuiltWithUnrealBuildTool|Win32
		{F8B8A722-4BAB-4EAA-8CB3-E324E4F54DFE}.DebugGame Editor|Android.ActiveCfg = Invalid|Win32
		{F8B8A722-4BAB-4EAA-8CB3-E324E4F54DFE}.DebugGame Editor|Win32.ActiveCfg = Invalid|Win32
		{F8B8A722-4BAB-4EAA-8CB3-E324E4F54DFE}.DebugGame Editor|Win64.ActiveCfg = DebugGame_Editor|x64
		{F8B8A722-4BAB-4EAA-8CB3-E324E4F54DFE}.DebugGame Editor|Win64.Build.0 = DebugGame_Editor|x64
		{F8B8A722-4BAB-4EAA-8CB3-E324E4F54DFE}.DebugGame|Android.ActiveCfg = Android_DebugGame|Win32
		{F8B8A722-4BAB-4EAA-8CB3-E324E4F54DFE}.DebugGame|Android.Build.0 = Android_DebugGame|Win32
		{F8B8A722-4BAB-4EAA-8CB3-E324E4F54DFE}.DebugGame|Win32.ActiveCfg = DebugGame|Win32
		{F8B8A722-4BAB-4EAA-8CB3-E324E4F54DFE}.DebugGame|Win32.Build.0 = DebugGame|Win32
		{F8B8A722-4BAB-4EAA-8CB3-E324E4F54DFE}.DebugGame|Win64.ActiveCfg = DebugGame|x64
		{F8B8A722-4BAB-4EAA-8CB3-E324E4F54DFE}.DebugGame|Win64.Build.0 = DebugGame|x64
		{F8B8A722-4BAB-4EAA-8CB3-E324E4F54DFE}.Development Editor|Android.ActiveCfg = Invalid|Win32
		{F8B8A722-4BAB-4EAA-8CB3-E324E4F54DFE}.Development Editor|Win32.ActiveCfg = Invalid|Win32
		{F8B8A722-4BAB-4EAA-8CB3-E324E4F54DFE}.Development Editor|Win64.ActiveCfg = Development_Editor|x64
		{F8B8A722-4BAB-4EAA-8CB3-E324E4F54DFE}.Development Editor|Win64.Build.0 = Development_Editor|x64
		{F8B8A722-4BAB-4EAA-8CB3-E324E4F54DFE}.Development|Android.ActiveCfg = Android_Development|Win32
		{F8B8A722-4BAB-4EAA-8CB3-E324E4F54DFE}.Development|Android.Build.0 = Android_Development|Win32
		{F8B8A722-4BAB-4EAA-8CB3-E324E4F54DFE}.Development|Win32.ActiveCfg = Development|Win32
		{F8B8A722-4BAB-4EAA-8CB3-E324E4F54DFE}.Development|Win32.Build.0 = Development|Win32
		{F8B8A722-4BAB-4EAA-8CB3-E324E4F54DFE}.Development|Win64.ActiveCfg = Development|x64
		{F8B8A722-4BAB-4EAA-8CB3-E324E4F54DFE}.Development|Win64.Build.0 = Development|x64
		{F8B8A722-4BAB-4EAA-8CB3-E324E4F54DFE}.Shipping|Android.ActiveCfg = Android_Shipping|Win32
		{F8B8A722-4BAB-4EAA-8CB3-E324E4F54DFE}.Shipping|Android.Build.0 = Android_Shipping|Win32
		{F8B8A722-4BAB-4EAA-8CB3-E324E4F54DFE}.Shipping|Win32.ActiveCfg = Shipping|Win32
		{F8B8A722-4BAB-4EAA-8CB3-E324E4F54DFE}.Shipping|Win32.Build.0 = Shipping|Win32
		{F8B8A722-4BAB-4EAA-8CB3-E324E4F54DFE}.Shipping|Win64.ActiveCfg = Shipping|x64
		{F8B8A722-4BAB-4EAA-8CB3-E324E4F54DFE}.Shipping|Win64.Build.0 = Shipping|x64
>>>>>>> Stashed changes
	EndGlobalSection
	GlobalSection(SolutionProperties) = preSolution
		HideSolutionNode = FALSE
	EndGlobalSection
	GlobalSection(NestedProjects) = preSolution
<<<<<<< Updated upstream
		{4E15C6C4-3FF0-4C8B-8DEB-784568405736} = {94A6C6F3-99B3-346E-9557-ABF9D4064DBD}
		{FA0DEC0E-6AE0-4A11-BE07-158250EA97F3} = {8E2F6A87-1826-34F4-940C-CC23A48F9FE4}
=======
		{281C75A1-3BB6-40BB-9109-3A4D4BA79CAB} = {94A6C6F3-99B3-346E-9557-ABF9D4064DBD}
		{F8B8A722-4BAB-4EAA-8CB3-E324E4F54DFE} = {8E2F6A87-1826-34F4-940C-CC23A48F9FE4}
>>>>>>> Stashed changes
	EndGlobalSection
EndGlobal
